// !$*UTF8*$!
{
	archiveVersion = 1;
	classes = {
	};
	objectVersion = 55;
	objects = {

/* Begin PBXBuildFile section */
		90E6479028C8E4B500352B35 /* Coding_Challenge__OperatorsApp.swift in Sources */ = {isa = PBXBuildFile; fileRef = 90E6478F28C8E4B500352B35 /* Coding_Challenge__OperatorsApp.swift */; };
		90E6479228C8E4B500352B35 /* Coding_Challenge__OperatorsDocument.swift in Sources */ = {isa = PBXBuildFile; fileRef = 90E6479128C8E4B500352B35 /* Coding_Challenge__OperatorsDocument.swift */; };
		90E6479428C8E4B500352B35 /* ContentView.swift in Sources */ = {isa = PBXBuildFile; fileRef = 90E6479328C8E4B500352B35 /* ContentView.swift */; };
		90E6479628C8E4B600352B35 /* Assets.xcassets in Resources */ = {isa = PBXBuildFile; fileRef = 90E6479528C8E4B600352B35 /* Assets.xcassets */; };
		90E6479928C8E4B600352B35 /* Preview Assets.xcassets in Resources */ = {isa = PBXBuildFile; fileRef = 90E6479828C8E4B600352B35 /* Preview Assets.xcassets */; };
		90E647A428C8E4B600352B35 /* Coding_Challenge__OperatorsTests.swift in Sources */ = {isa = PBXBuildFile; fileRef = 90E647A328C8E4B600352B35 /* Coding_Challenge__OperatorsTests.swift */; };
		90E647AE28C8E4B600352B35 /* Coding_Challenge__OperatorsUITests.swift in Sources */ = {isa = PBXBuildFile; fileRef = 90E647AD28C8E4B600352B35 /* Coding_Challenge__OperatorsUITests.swift */; };
		90E647B028C8E4B600352B35 /* Coding_Challenge__OperatorsUITestsLaunchTests.swift in Sources */ = {isa = PBXBuildFile; fileRef = 90E647AF28C8E4B600352B35 /* Coding_Challenge__OperatorsUITestsLaunchTests.swift */; };
/* End PBXBuildFile section */

/* Begin PBXContainerItemProxy section */
		90E647A028C8E4B600352B35 /* PBXContainerItemProxy */ = {
			isa = PBXContainerItemProxy;
			containerPortal = 90E6478428C8E4B500352B35 /* Project object */;
			proxyType = 1;
			remoteGlobalIDString = 90E6478B28C8E4B500352B35;
			remoteInfo = "Coding Challenge: Operators";
		};
		90E647AA28C8E4B600352B35 /* PBXContainerItemProxy */ = {
			isa = PBXContainerItemProxy;
			containerPortal = 90E6478428C8E4B500352B35 /* Project object */;
			proxyType = 1;
			remoteGlobalIDString = 90E6478B28C8E4B500352B35;
			remoteInfo = "Coding Challenge: Operators";
		};
/* End PBXContainerItemProxy section */

/* Begin PBXFileReference section */
		90E6478C28C8E4B500352B35 /* Coding Challenge: Operators.app */ = {isa = PBXFileReference; explicitFileType = wrapper.application; includeInIndex = 0; path = "Coding Challenge: Operators.app"; sourceTree = BUILT_PRODUCTS_DIR; };
		90E6478F28C8E4B500352B35 /* Coding_Challenge__OperatorsApp.swift */ = {isa = PBXFileReference; lastKnownFileType = sourcecode.swift; path = Coding_Challenge__OperatorsApp.swift; sourceTree = "<group>"; };
		90E6479128C8E4B500352B35 /* Coding_Challenge__OperatorsDocument.swift */ = {isa = PBXFileReference; lastKnownFileType = sourcecode.swift; path = Coding_Challenge__OperatorsDocument.swift; sourceTree = "<group>"; };
		90E6479328C8E4B500352B35 /* ContentView.swift */ = {isa = PBXFileReference; lastKnownFileType = sourcecode.swift; path = ContentView.swift; sourceTree = "<group>"; };
		90E6479528C8E4B600352B35 /* Assets.xcassets */ = {isa = PBXFileReference; lastKnownFileType = folder.assetcatalog; path = Assets.xcassets; sourceTree = "<group>"; };
		90E6479828C8E4B600352B35 /* Preview Assets.xcassets */ = {isa = PBXFileReference; lastKnownFileType = folder.assetcatalog; path = "Preview Assets.xcassets"; sourceTree = "<group>"; };
		90E6479A28C8E4B600352B35 /* Info.plist */ = {isa = PBXFileReference; lastKnownFileType = text.plist.xml; path = Info.plist; sourceTree = "<group>"; };
		90E6479F28C8E4B600352B35 /* Coding Challenge: OperatorsTests.xctest */ = {isa = PBXFileReference; explicitFileType = wrapper.cfbundle; includeInIndex = 0; path = "Coding Challenge: OperatorsTests.xctest"; sourceTree = BUILT_PRODUCTS_DIR; };
		90E647A328C8E4B600352B35 /* Coding_Challenge__OperatorsTests.swift */ = {isa = PBXFileReference; lastKnownFileType = sourcecode.swift; path = Coding_Challenge__OperatorsTests.swift; sourceTree = "<group>"; };
		90E647A928C8E4B600352B35 /* Coding Challenge: OperatorsUITests.xctest */ = {isa = PBXFileReference; explicitFileType = wrapper.cfbundle; includeInIndex = 0; path = "Coding Challenge: OperatorsUITests.xctest"; sourceTree = BUILT_PRODUCTS_DIR; };
		90E647AD28C8E4B600352B35 /* Coding_Challenge__OperatorsUITests.swift */ = {isa = PBXFileReference; lastKnownFileType = sourcecode.swift; path = Coding_Challenge__OperatorsUITests.swift; sourceTree = "<group>"; };
		90E647AF28C8E4B600352B35 /* Coding_Challenge__OperatorsUITestsLaunchTests.swift */ = {isa = PBXFileReference; lastKnownFileType = sourcecode.swift; path = Coding_Challenge__OperatorsUITestsLaunchTests.swift; sourceTree = "<group>"; };
/* End PBXFileReference section */

/* Begin PBXFrameworksBuildPhase section */
		90E6478928C8E4B500352B35 /* Frameworks */ = {
			isa = PBXFrameworksBuildPhase;
			buildActionMask = 2147483647;
			files = (
			);
			runOnlyForDeploymentPostprocessing = 0;
		};
		90E6479C28C8E4B600352B35 /* Frameworks */ = {
			isa = PBXFrameworksBuildPhase;
			buildActionMask = 2147483647;
			files = (
			);
			runOnlyForDeploymentPostprocessing = 0;
		};
		90E647A628C8E4B600352B35 /* Frameworks */ = {
			isa = PBXFrameworksBuildPhase;
			buildActionMask = 2147483647;
			files = (
			);
			runOnlyForDeploymentPostprocessing = 0;
		};
/* End PBXFrameworksBuildPhase section */

/* Begin PBXGroup section */
		90E6478328C8E4B500352B35 = {
			isa = PBXGroup;
			children = (
				90E6478E28C8E4B500352B35 /* Coding Challenge: Operators */,
				90E647A228C8E4B600352B35 /* Coding Challenge: OperatorsTests */,
				90E647AC28C8E4B600352B35 /* Coding Challenge: OperatorsUITests */,
				90E6478D28C8E4B500352B35 /* Products */,
			);
			sourceTree = "<group>";
		};
		90E6478D28C8E4B500352B35 /* Products */ = {
			isa = PBXGroup;
			children = (
				90E6478C28C8E4B500352B35 /* Coding Challenge: Operators.app */,
				90E6479F28C8E4B600352B35 /* Coding Challenge: OperatorsTests.xctest */,
				90E647A928C8E4B600352B35 /* Coding Challenge: OperatorsUITests.xctest */,
			);
			name = Products;
			sourceTree = "<group>";
		};
		90E6478E28C8E4B500352B35 /* Coding Challenge: Operators */ = {
			isa = PBXGroup;
			children = (
				90E6478F28C8E4B500352B35 /* Coding_Challenge__OperatorsApp.swift */,
				90E6479128C8E4B500352B35 /* Coding_Challenge__OperatorsDocument.swift */,
				90E6479328C8E4B500352B35 /* ContentView.swift */,
				90E6479528C8E4B600352B35 /* Assets.xcassets */,
				90E6479A28C8E4B600352B35 /* Info.plist */,
				90E6479728C8E4B600352B35 /* Preview Content */,
			);
			path = "Coding Challenge: Operators";
			sourceTree = "<group>";
		};
		90E6479728C8E4B600352B35 /* Preview Content */ = {
			isa = PBXGroup;
			children = (
				90E6479828C8E4B600352B35 /* Preview Assets.xcassets */,
			);
			path = "Preview Content";
			sourceTree = "<group>";
		};
		90E647A228C8E4B600352B35 /* Coding Challenge: OperatorsTests */ = {
			isa = PBXGroup;
			children = (
				90E647A328C8E4B600352B35 /* Coding_Challenge__OperatorsTests.swift */,
			);
			path = "Coding Challenge: OperatorsTests";
			sourceTree = "<group>";
		};
		90E647AC28C8E4B600352B35 /* Coding Challenge: OperatorsUITests */ = {
			isa = PBXGroup;
			children = (
				90E647AD28C8E4B600352B35 /* Coding_Challenge__OperatorsUITests.swift */,
				90E647AF28C8E4B600352B35 /* Coding_Challenge__OperatorsUITestsLaunchTests.swift */,
			);
			path = "Coding Challenge: OperatorsUITests";
			sourceTree = "<group>";
		};
/* End PBXGroup section */

/* Begin PBXNativeTarget section */
		90E6478B28C8E4B500352B35 /* Coding Challenge: Operators */ = {
			isa = PBXNativeTarget;
			buildConfigurationList = 90E647B328C8E4B600352B35 /* Build configuration list for PBXNativeTarget "Coding Challenge: Operators" */;
			buildPhases = (
				90E6478828C8E4B500352B35 /* Sources */,
				90E6478928C8E4B500352B35 /* Frameworks */,
				90E6478A28C8E4B500352B35 /* Resources */,
			);
			buildRules = (
			);
			dependencies = (
			);
			name = "Coding Challenge: Operators";
			productName = "Coding Challenge: Operators";
			productReference = 90E6478C28C8E4B500352B35 /* Coding Challenge: Operators.app */;
			productType = "com.apple.product-type.application";
		};
		90E6479E28C8E4B600352B35 /* Coding Challenge: OperatorsTests */ = {
			isa = PBXNativeTarget;
			buildConfigurationList = 90E647B628C8E4B600352B35 /* Build configuration list for PBXNativeTarget "Coding Challenge: OperatorsTests" */;
			buildPhases = (
				90E6479B28C8E4B600352B35 /* Sources */,
				90E6479C28C8E4B600352B35 /* Frameworks */,
				90E6479D28C8E4B600352B35 /* Resources */,
			);
			buildRules = (
			);
			dependencies = (
				90E647A128C8E4B600352B35 /* PBXTargetDependency */,
			);
			name = "Coding Challenge: OperatorsTests";
			productName = "Coding Challenge: OperatorsTests";
			productReference = 90E6479F28C8E4B600352B35 /* Coding Challenge: OperatorsTests.xctest */;
			productType = "com.apple.product-type.bundle.unit-test";
		};
		90E647A828C8E4B600352B35 /* Coding Challenge: OperatorsUITests */ = {
			isa = PBXNativeTarget;
			buildConfigurationList = 90E647B928C8E4B600352B35 /* Build configuration list for PBXNativeTarget "Coding Challenge: OperatorsUITests" */;
			buildPhases = (
				90E647A528C8E4B600352B35 /* Sources */,
				90E647A628C8E4B600352B35 /* Frameworks */,
				90E647A728C8E4B600352B35 /* Resources */,
			);
			buildRules = (
			);
			dependencies = (
				90E647AB28C8E4B600352B35 /* PBXTargetDependency */,
			);
			name = "Coding Challenge: OperatorsUITests";
			productName = "Coding Challenge: OperatorsUITests";
			productReference = 90E647A928C8E4B600352B35 /* Coding Challenge: OperatorsUITests.xctest */;
			productType = "com.apple.product-type.bundle.ui-testing";
		};
/* End PBXNativeTarget section */

/* Begin PBXProject section */
		90E6478428C8E4B500352B35 /* Project object */ = {
			isa = PBXProject;
			attributes = {
				BuildIndependentTargetsInParallel = 1;
				LastSwiftUpdateCheck = 1340;
				LastUpgradeCheck = 1340;
				TargetAttributes = {
					90E6478B28C8E4B500352B35 = {
						CreatedOnToolsVersion = 13.4.1;
					};
					90E6479E28C8E4B600352B35 = {
						CreatedOnToolsVersion = 13.4.1;
						TestTargetID = 90E6478B28C8E4B500352B35;
					};
					90E647A828C8E4B600352B35 = {
						CreatedOnToolsVersion = 13.4.1;
						TestTargetID = 90E6478B28C8E4B500352B35;
					};
				};
			};
			buildConfigurationList = 90E6478728C8E4B500352B35 /* Build configuration list for PBXProject "Coding Challenge: Operators" */;
			compatibilityVersion = "Xcode 13.0";
			developmentRegion = en;
			hasScannedForEncodings = 0;
			knownRegions = (
				en,
				Base,
			);
			mainGroup = 90E6478328C8E4B500352B35;
			productRefGroup = 90E6478D28C8E4B500352B35 /* Products */;
			projectDirPath = "";
			projectRoot = "";
			targets = (
				90E6478B28C8E4B500352B35 /* Coding Challenge: Operators */,
				90E6479E28C8E4B600352B35 /* Coding Challenge: OperatorsTests */,
				90E647A828C8E4B600352B35 /* Coding Challenge: OperatorsUITests */,
			);
		};
/* End PBXProject section */

/* Begin PBXResourcesBuildPhase section */
		90E6478A28C8E4B500352B35 /* Resources */ = {
			isa = PBXResourcesBuildPhase;
			buildActionMask = 2147483647;
			files = (
				90E6479928C8E4B600352B35 /* Preview Assets.xcassets in Resources */,
				90E6479628C8E4B600352B35 /* Assets.xcassets in Resources */,
			);
			runOnlyForDeploymentPostprocessing = 0;
		};
		90E6479D28C8E4B600352B35 /* Resources */ = {
			isa = PBXResourcesBuildPhase;
			buildActionMask = 2147483647;
			files = (
			);
			runOnlyForDeploymentPostprocessing = 0;
		};
		90E647A728C8E4B600352B35 /* Resources */ = {
			isa = PBXResourcesBuildPhase;
			buildActionMask = 2147483647;
			files = (
			);
			runOnlyForDeploymentPostprocessing = 0;
		};
/* End PBXResourcesBuildPhase section */

/* Begin PBXSourcesBuildPhase section */
		90E6478828C8E4B500352B35 /* Sources */ = {
			isa = PBXSourcesBuildPhase;
			buildActionMask = 2147483647;
			files = (
				90E6479228C8E4B500352B35 /* Coding_Challenge__OperatorsDocument.swift in Sources */,
				90E6479028C8E4B500352B35 /* Coding_Challenge__OperatorsApp.swift in Sources */,
				90E6479428C8E4B500352B35 /* ContentView.swift in Sources */,
			);
			runOnlyForDeploymentPostprocessing = 0;
		};
		90E6479B28C8E4B600352B35 /* Sources */ = {
			isa = PBXSourcesBuildPhase;
			buildActionMask = 2147483647;
			files = (
				90E647A428C8E4B600352B35 /* Coding_Challenge__OperatorsTests.swift in Sources */,
			);
			runOnlyForDeploymentPostprocessing = 0;
		};
		90E647A528C8E4B600352B35 /* Sources */ = {
			isa = PBXSourcesBuildPhase;
			buildActionMask = 2147483647;
			files = (
				90E647B028C8E4B600352B35 /* Coding_Challenge__OperatorsUITestsLaunchTests.swift in Sources */,
				90E647AE28C8E4B600352B35 /* Coding_Challenge__OperatorsUITests.swift in Sources */,
			);
			runOnlyForDeploymentPostprocessing = 0;
		};
/* End PBXSourcesBuildPhase section */

/* Begin PBXTargetDependency section */
		90E647A128C8E4B600352B35 /* PBXTargetDependency */ = {
			isa = PBXTargetDependency;
			target = 90E6478B28C8E4B500352B35 /* Coding Challenge: Operators */;
			targetProxy = 90E647A028C8E4B600352B35 /* PBXContainerItemProxy */;
		};
		90E647AB28C8E4B600352B35 /* PBXTargetDependency */ = {
			isa = PBXTargetDependency;
			target = 90E6478B28C8E4B500352B35 /* Coding Challenge: Operators */;
			targetProxy = 90E647AA28C8E4B600352B35 /* PBXContainerItemProxy */;
		};
/* End PBXTargetDependency section */

/* Begin XCBuildConfiguration section */
		90E647B128C8E4B600352B35 /* Debug */ = {
			isa = XCBuildConfiguration;
			buildSettings = {
				ALWAYS_SEARCH_USER_PATHS = NO;
				CLANG_ANALYZER_NONNULL = YES;
				CLANG_ANALYZER_NUMBER_OBJECT_CONVERSION = YES_AGGRESSIVE;
				CLANG_CXX_LANGUAGE_STANDARD = "gnu++17";
				CLANG_ENABLE_MODULES = YES;
				CLANG_ENABLE_OBJC_ARC = YES;
				CLANG_ENABLE_OBJC_WEAK = YES;
				CLANG_WARN_BLOCK_CAPTURE_AUTORELEASING = YES;
				CLANG_WARN_BOOL_CONVERSION = YES;
				CLANG_WARN_COMMA = YES;
				CLANG_WARN_CONSTANT_CONVERSION = YES;
				CLANG_WARN_DEPRECATED_OBJC_IMPLEMENTATIONS = YES;
				CLANG_WARN_DIRECT_OBJC_ISA_USAGE = YES_ERROR;
				CLANG_WARN_DOCUMENTATION_COMMENTS = YES;
				CLANG_WARN_EMPTY_BODY = YES;
				CLANG_WARN_ENUM_CONVERSION = YES;
				CLANG_WARN_INFINITE_RECURSION = YES;
				CLANG_WARN_INT_CONVERSION = YES;
				CLANG_WARN_NON_LITERAL_NULL_CONVERSION = YES;
				CLANG_WARN_OBJC_IMPLICIT_RETAIN_SELF = YES;
				CLANG_WARN_OBJC_LITERAL_CONVERSION = YES;
				CLANG_WARN_OBJC_ROOT_CLASS = YES_ERROR;
				CLANG_WARN_QUOTED_INCLUDE_IN_FRAMEWORK_HEADER = YES;
				CLANG_WARN_RANGE_LOOP_ANALYSIS = YES;
				CLANG_WARN_STRICT_PROTOTYPES = YES;
				CLANG_WARN_SUSPICIOUS_MOVE = YES;
				CLANG_WARN_UNGUARDED_AVAILABILITY = YES_AGGRESSIVE;
				CLANG_WARN_UNREACHABLE_CODE = YES;
				CLANG_WARN__DUPLICATE_METHOD_MATCH = YES;
				COPY_PHASE_STRIP = NO;
				DEBUG_INFORMATION_FORMAT = dwarf;
				ENABLE_STRICT_OBJC_MSGSEND = YES;
				ENABLE_TESTABILITY = YES;
				GCC_C_LANGUAGE_STANDARD = gnu11;
				GCC_DYNAMIC_NO_PIC = NO;
				GCC_NO_COMMON_BLOCKS = YES;
				GCC_OPTIMIZATION_LEVEL = 0;
				GCC_PREPROCESSOR_DEFINITIONS = (
					"DEBUG=1",
					"$(inherited)",
				);
				GCC_WARN_64_TO_32_BIT_CONVERSION = YES;
				GCC_WARN_ABOUT_RETURN_TYPE = YES_ERROR;
				GCC_WARN_UNDECLARED_SELECTOR = YES;
				GCC_WARN_UNINITIALIZED_AUTOS = YES_AGGRESSIVE;
				GCC_WARN_UNUSED_FUNCTION = YES;
				GCC_WARN_UNUSED_VARIABLE = YES;
				IPHONEOS_DEPLOYMENT_TARGET = 15.5;
				MTL_ENABLE_DEBUG_INFO = INCLUDE_SOURCE;
				MTL_FAST_MATH = YES;
				ONLY_ACTIVE_ARCH = YES;
				SDKROOT = iphoneos;
				SWIFT_ACTIVE_COMPILATION_CONDITIONS = DEBUG;
				SWIFT_OPTIMIZATION_LEVEL = "-Onone";
			};
			name = Debug;
		};
		90E647B228C8E4B600352B35 /* Release */ = {
			isa = XCBuildConfiguration;
			buildSettings = {
				ALWAYS_SEARCH_USER_PATHS = NO;
				CLANG_ANALYZER_NONNULL = YES;
				CLANG_ANALYZER_NUMBER_OBJECT_CONVERSION = YES_AGGRESSIVE;
				CLANG_CXX_LANGUAGE_STANDARD = "gnu++17";
				CLANG_ENABLE_MODULES = YES;
				CLANG_ENABLE_OBJC_ARC = YES;
				CLANG_ENABLE_OBJC_WEAK = YES;
				CLANG_WARN_BLOCK_CAPTURE_AUTORELEASING = YES;
				CLANG_WARN_BOOL_CONVERSION = YES;
				CLANG_WARN_COMMA = YES;
				CLANG_WARN_CONSTANT_CONVERSION = YES;
				CLANG_WARN_DEPRECATED_OBJC_IMPLEMENTATIONS = YES;
				CLANG_WARN_DIRECT_OBJC_ISA_USAGE = YES_ERROR;
				CLANG_WARN_DOCUMENTATION_COMMENTS = YES;
				CLANG_WARN_EMPTY_BODY = YES;
				CLANG_WARN_ENUM_CONVERSION = YES;
				CLANG_WARN_INFINITE_RECURSION = YES;
				CLANG_WARN_INT_CONVERSION = YES;
				CLANG_WARN_NON_LITERAL_NULL_CONVERSION = YES;
				CLANG_WARN_OBJC_IMPLICIT_RETAIN_SELF = YES;
				CLANG_WARN_OBJC_LITERAL_CONVERSION = YES;
				CLANG_WARN_OBJC_ROOT_CLASS = YES_ERROR;
				CLANG_WARN_QUOTED_INCLUDE_IN_FRAMEWORK_HEADER = YES;
				CLANG_WARN_RANGE_LOOP_ANALYSIS = YES;
				CLANG_WARN_STRICT_PROTOTYPES = YES;
				CLANG_WARN_SUSPICIOUS_MOVE = YES;
				CLANG_WARN_UNGUARDED_AVAILABILITY = YES_AGGRESSIVE;
				CLANG_WARN_UNREACHABLE_CODE = YES;
				CLANG_WARN__DUPLICATE_METHOD_MATCH = YES;
				COPY_PHASE_STRIP = NO;
				DEBUG_INFORMATION_FORMAT = "dwarf-with-dsym";
				ENABLE_NS_ASSERTIONS = NO;
				ENABLE_STRICT_OBJC_MSGSEND = YES;
				GCC_C_LANGUAGE_STANDARD = gnu11;
				GCC_NO_COMMON_BLOCKS = YES;
				GCC_WARN_64_TO_32_BIT_CONVERSION = YES;
				GCC_WARN_ABOUT_RETURN_TYPE = YES_ERROR;
				GCC_WARN_UNDECLARED_SELECTOR = YES;
				GCC_WARN_UNINITIALIZED_AUTOS = YES_AGGRESSIVE;
				GCC_WARN_UNUSED_FUNCTION = YES;
				GCC_WARN_UNUSED_VARIABLE = YES;
				IPHONEOS_DEPLOYMENT_TARGET = 15.5;
				MTL_ENABLE_DEBUG_INFO = NO;
				MTL_FAST_MATH = YES;
				SDKROOT = iphoneos;
				SWIFT_COMPILATION_MODE = wholemodule;
				SWIFT_OPTIMIZATION_LEVEL = "-O";
				VALIDATE_PRODUCT = YES;
			};
			name = Release;
		};
		90E647B428C8E4B600352B35 /* Debug */ = {
			isa = XCBuildConfiguration;
			buildSettings = {
				ASSETCATALOG_COMPILER_APPICON_NAME = AppIcon;
				ASSETCATALOG_COMPILER_GLOBAL_ACCENT_COLOR_NAME = AccentColor;
				CODE_SIGN_STYLE = Automatic;
				CURRENT_PROJECT_VERSION = 1;
				DEVELOPMENT_ASSET_PATHS = "\"Coding Challenge: Operators/Preview Content\"";
				DEVELOPMENT_TEAM = ZG8S4HH6JX;
				ENABLE_PREVIEWS = YES;
				GENERATE_INFOPLIST_FILE = YES;
				INFOPLIST_FILE = "Coding Challenge: Operators/Info.plist";
				INFOPLIST_KEY_UIApplicationSceneManifest_Generation = YES;
				INFOPLIST_KEY_UIApplicationSupportsIndirectInputEvents = YES;
				INFOPLIST_KEY_UILaunchScreen_Generation = YES;
				INFOPLIST_KEY_UISupportedInterfaceOrientations_iPad = "UIInterfaceOrientationPortrait UIInterfaceOrientationPortraitUpsideDown UIInterfaceOrientationLandscapeLeft UIInterfaceOrientationLandscapeRight";
				INFOPLIST_KEY_UISupportedInterfaceOrientations_iPhone = "UIInterfaceOrientationPortrait UIInterfaceOrientationLandscapeLeft UIInterfaceOrientationLandscapeRight";
				INFOPLIST_KEY_UISupportsDocumentBrowser = YES;
				LD_RUNPATH_SEARCH_PATHS = (
					"$(inherited)",
					"@executable_path/Frameworks",
				);
				MARKETING_VERSION = 1.0;
				PRODUCT_BUNDLE_IDENTIFIER = "BUNS.Coding-Challenge--Operators";
				PRODUCT_NAME = "$(TARGET_NAME)";
				SWIFT_EMIT_LOC_STRINGS = YES;
				SWIFT_VERSION = 5.0;
				TARGETED_DEVICE_FAMILY = "1,2";
			};
			name = Debug;
		};
		90E647B528C8E4B600352B35 /* Release */ = {
			isa = XCBuildConfiguration;
			buildSettings = {
				ASSETCATALOG_COMPILER_APPICON_NAME = AppIcon;
				ASSETCATALOG_COMPILER_GLOBAL_ACCENT_COLOR_NAME = AccentColor;
				CODE_SIGN_STYLE = Automatic;
				CURRENT_PROJECT_VERSION = 1;
				DEVELOPMENT_ASSET_PATHS = "\"Coding Challenge: Operators/Preview Content\"";
				DEVELOPMENT_TEAM = ZG8S4HH6JX;
				ENABLE_PREVIEWS = YES;
				GENERATE_INFOPLIST_FILE = YES;
				INFOPLIST_FILE = "Coding Challenge: Operators/Info.plist";
				INFOPLIST_KEY_UIApplicationSceneManifest_Generation = YES;
				INFOPLIST_KEY_UIApplicationSupportsIndirectInputEvents = YES;
				INFOPLIST_KEY_UILaunchScreen_Generation = YES;
				INFOPLIST_KEY_UISupportedInterfaceOrientations_iPad = "UIInterfaceOrientationPortrait UIInterfaceOrientationPortraitUpsideDown UIInterfaceOrientationLandscapeLeft UIInterfaceOrientationLandscapeRight";
				INFOPLIST_KEY_UISupportedInterfaceOrientations_iPhone = "UIInterfaceOrientationPortrait UIInterfaceOrientationLandscapeLeft UIInterfaceOrientationLandscapeRight";
				INFOPLIST_KEY_UISupportsDocumentBrowser = YES;
				LD_RUNPATH_SEARCH_PATHS = (
					"$(inherited)",
					"@executable_path/Frameworks",
				);
				MARKETING_VERSION = 1.0;
				PRODUCT_BUNDLE_IDENTIFIER = "BUNS.Coding-Challenge--Operators";
				PRODUCT_NAME = "$(TARGET_NAME)";
				SWIFT_EMIT_LOC_STRINGS = YES;
				SWIFT_VERSION = 5.0;
				TARGETED_DEVICE_FAMILY = "1,2";
			};
			name = Release;
		};
		90E647B728C8E4B600352B35 /* Debug */ = {
			isa = XCBuildConfiguration;
			buildSettings = {
				ALWAYS_EMBED_SWIFT_STANDARD_LIBRARIES = YES;
				BUNDLE_LOADER = "$(TEST_HOST)";
				CODE_SIGN_STYLE = Automatic;
				CURRENT_PROJECT_VERSION = 1;
				DEVELOPMENT_TEAM = ZG8S4HH6JX;
				GENERATE_INFOPLIST_FILE = YES;
				IPHONEOS_DEPLOYMENT_TARGET = 15.5;
				MARKETING_VERSION = 1.0;
				PRODUCT_BUNDLE_IDENTIFIER = "BUNS.Coding-Challenge--OperatorsTests";
				PRODUCT_NAME = "$(TARGET_NAME)";
				SWIFT_EMIT_LOC_STRINGS = NO;
				SWIFT_VERSION = 5.0;
				TARGETED_DEVICE_FAMILY = "1,2";
				TEST_HOST = "$(BUILT_PRODUCTS_DIR)/Coding Challenge: Operators.app/Coding Challenge: Operators";
			};
			name = Debug;
		};
		90E647B828C8E4B600352B35 /* Release */ = {
			isa = XCBuildConfiguration;
			buildSettings = {
				ALWAYS_EMBED_SWIFT_STANDARD_LIBRARIES = YES;
				BUNDLE_LOADER = "$(TEST_HOST)";
				CODE_SIGN_STYLE = Automatic;
				CURRENT_PROJECT_VERSION = 1;
				DEVELOPMENT_TEAM = ZG8S4HH6JX;
				GENERATE_INFOPLIST_FILE = YES;
				IPHONEOS_DEPLOYMENT_TARGET = 15.5;
				MARKETING_VERSION = 1.0;
				PRODUCT_BUNDLE_IDENTIFIER = "BUNS.Coding-Challenge--OperatorsTests";
				PRODUCT_NAME = "$(TARGET_NAME)";
				SWIFT_EMIT_LOC_STRINGS = NO;
				SWIFT_VERSION = 5.0;
				TARGETED_DEVICE_FAMILY = "1,2";
				TEST_HOST = "$(BUILT_PRODUCTS_DIR)/Coding Challenge: Operators.app/Coding Challenge: Operators";
			};
			name = Release;
		};
		90E647BA28C8E4B600352B35 /* Debug */ = {
			isa = XCBuildConfiguration;
			buildSettings = {
				ALWAYS_EMBED_SWIFT_STANDARD_LIBRARIES = YES;
				CODE_SIGN_STYLE = Automatic;
				CURRENT_PROJECT_VERSION = 1;
				DEVELOPMENT_TEAM = ZG8S4HH6JX;
				GENERATE_INFOPLIST_FILE = YES;
				MARKETING_VERSION = 1.0;
				PRODUCT_BUNDLE_IDENTIFIER = "BUNS.Coding-Challenge--OperatorsUITests";
				PRODUCT_NAME = "$(TARGET_NAME)";
				SWIFT_EMIT_LOC_STRINGS = NO;
				SWIFT_VERSION = 5.0;
				TARGETED_DEVICE_FAMILY = "1,2";
				TEST_TARGET_NAME = "Coding Challenge: Operators";
			};
			name = Debug;
		};
		90E647BB28C8E4B600352B35 /* Release */ = {
			isa = XCBuildConfiguration;
			buildSettings = {
				ALWAYS_EMBED_SWIFT_STANDARD_LIBRARIES = YES;
				CODE_SIGN_STYLE = Automatic;
				CURRENT_PROJECT_VERSION = 1;
				DEVELOPMENT_TEAM = ZG8S4HH6JX;
				GENERATE_INFOPLIST_FILE = YES;
				MARKETING_VERSION = 1.0;
				PRODUCT_BUNDLE_IDENTIFIER = "BUNS.Coding-Challenge--OperatorsUITests";
				PRODUCT_NAME = "$(TARGET_NAME)";
				SWIFT_EMIT_LOC_STRINGS = NO;
				SWIFT_VERSION = 5.0;
				TARGETED_DEVICE_FAMILY = "1,2";
				TEST_TARGET_NAME = "Coding Challenge: Operators";
			};
			name = Release;
		};
/* End XCBuildConfiguration section */

/* Begin XCConfigurationList section */
		90E6478728C8E4B500352B35 /* Build configuration list for PBXProject "Coding Challenge: Operators" */ = {
			isa = XCConfigurationList;
			buildConfigurations = (
				90E647B128C8E4B600352B35 /* Debug */,
				90E647B228C8E4B600352B35 /* Release */,
			);
			defaultConfigurationIsVisible = 0;
			defaultConfigurationName = Release;
		};
		90E647B328C8E4B600352B35 /* Build configuration list for PBXNativeTarget "Coding Challenge: Operators" */ = {
			isa = XCConfigurationList;
			buildConfigurations = (
				90E647B428C8E4B600352B35 /* Debug */,
				90E647B528C8E4B600352B35 /* Release */,
			);
			defaultConfigurationIsVisible = 0;
			defaultConfigurationName = Release;
		};
		90E647B628C8E4B600352B35 /* Build configuration list for PBXNativeTarget "Coding Challenge: OperatorsTests" */ = {
			isa = XCConfigurationList;
			buildConfigurations = (
				90E647B728C8E4B600352B35 /* Debug */,
				90E647B828C8E4B600352B35 /* Release */,
			);
			defaultConfigurationIsVisible = 0;
			defaultConfigurationName = Release;
		};
		90E647B928C8E4B600352B35 /* Build configuration list for PBXNativeTarget "Coding Challenge: OperatorsUITests" */ = {
			isa = XCConfigurationList;
			buildConfigurations = (
				90E647BA28C8E4B600352B35 /* Debug */,
				90E647BB28C8E4B600352B35 /* Release */,
			);
			defaultConfigurationIsVisible = 0;
			defaultConfigurationName = Release;
		};
/* End XCConfigurationList section */
	};
	rootObject = 90E6478428C8E4B500352B35 /* Project object */;
}
